
Microsoft Visual Studio Solution File, Format Version 12.00
# Visual Studio Version 16
VisualStudioVersion = 16.0.31321.278
MinimumVisualStudioVersion = 10.0.40219.1
Project("{9A19103F-16F7-4668-BE54-9A1E7A4F7556}") = "AttendanceSystem", "AttendanceSystem\AttendanceSystem.csproj", "{81E4A8B3-FAC0-4BCC-AAB8-6A3EC3A41AA7}"
EndProject
Project("{9A19103F-16F7-4668-BE54-9A1E7A4F7556}") = "AttendanceDemo.Data", "AttendanceDemo.Data\AttendanceDemo.Data.csproj", "{8603D588-CCE1-4FB8-AB26-E4BAFC1B7EE0}"
EndProject
Project("{FAE04EC0-301F-11D3-BF4B-00C04F79EFBC}") = "AttendanceDemo.Training", "AttendanceDemo.Training\AttendanceDemo.Training.csproj", "{D7228594-F5AE-45FA-96A5-8F3AB1C4DD7E}"
EndProject
Global
	GlobalSection(SolutionConfigurationPlatforms) = preSolution
		Debug|Any CPU = Debug|Any CPU
		Release|Any CPU = Release|Any CPU
	EndGlobalSection
	GlobalSection(ProjectConfigurationPlatforms) = postSolution
		{81E4A8B3-FAC0-4BCC-AAB8-6A3EC3A41AA7}.Debug|Any CPU.ActiveCfg = Debug|Any CPU
		{81E4A8B3-FAC0-4BCC-AAB8-6A3EC3A41AA7}.Debug|Any CPU.Build.0 = Debug|Any CPU
		{81E4A8B3-FAC0-4BCC-AAB8-6A3EC3A41AA7}.Release|Any CPU.ActiveCfg = Release|Any CPU
		{81E4A8B3-FAC0-4BCC-AAB8-6A3EC3A41AA7}.Release|Any CPU.Build.0 = Release|Any CPU
		{8603D588-CCE1-4FB8-AB26-E4BAFC1B7EE0}.Debug|Any CPU.ActiveCfg = Debug|Any CPU
		{8603D588-CCE1-4FB8-AB26-E4BAFC1B7EE0}.Debug|Any CPU.Build.0 = Debug|Any CPU
		{8603D588-CCE1-4FB8-AB26-E4BAFC1B7EE0}.Release|Any CPU.ActiveCfg = Release|Any CPU
		{8603D588-CCE1-4FB8-AB26-E4BAFC1B7EE0}.Release|Any CPU.Build.0 = Release|Any CPU
		{D7228594-F5AE-45FA-96A5-8F3AB1C4DD7E}.Debug|Any CPU.ActiveCfg = Debug|Any CPU
		{D7228594-F5AE-45FA-96A5-8F3AB1C4DD7E}.Debug|Any CPU.Build.0 = Debug|Any CPU
		{D7228594-F5AE-45FA-96A5-8F3AB1C4DD7E}.Release|Any CPU.ActiveCfg = Release|Any CPU
		{D7228594-F5AE-45FA-96A5-8F3AB1C4DD7E}.Release|Any CPU.Build.0 = Release|Any CPU
	EndGlobalSection
	GlobalSection(SolutionProperties) = preSolution
		HideSolutionNode = FALSE
	EndGlobalSection
	GlobalSection(ExtensibilityGlobals) = postSolution
		SolutionGuid = {1CBA84F3-306E-4D03-84F4-5F8781EF2839}
	EndGlobalSection
EndGlobal
